
Microsoft Visual Studio Solution File, Format Version 12.00
Project("{FAE04EC0-301F-11D3-BF4B-00C04F79EFBC}") = "JeuDeplacement", "JeuDeplacement\JeuDeplacement.csproj", "{2E8082F1-487E-4E99-B973-C470BBDBB0CC}"
EndProject
Global
	GlobalSection(SolutionConfigurationPlatforms) = preSolution
		Debug|Any CPU = Debug|Any CPU
		Release|Any CPU = Release|Any CPU
	EndGlobalSection
	GlobalSection(ProjectConfigurationPlatforms) = postSolution
		{2E8082F1-487E-4E99-B973-C470BBDBB0CC}.Debug|Any CPU.ActiveCfg = Debug|Any CPU
		{2E8082F1-487E-4E99-B973-C470BBDBB0CC}.Debug|Any CPU.Build.0 = Debug|Any CPU
		{2E8082F1-487E-4E99-B973-C470BBDBB0CC}.Release|Any CPU.ActiveCfg = Release|Any CPU
		{2E8082F1-487E-4E99-B973-C470BBDBB0CC}.Release|Any CPU.Build.0 = Release|Any CPU
	EndGlobalSection
EndGlobal
